<?xml version="1.0" encoding="utf-8"?>
<Project ToolsVersion="4.0" xmlns="http://schemas.microsoft.com/developer/msbuild/2003">
  <ItemGroup>
    <Filter Include="소스 파일">
      <UniqueIdentifier>{4FC737F1-C7A5-4376-A066-2A32D752A2FF}</UniqueIdentifier>
      <Extensions>cpp;c;cc;cxx;c++;cppm;ixx;def;odl;idl;hpj;bat;asm;asmx</Extensions>
    </Filter>
    <Filter Include="헤더 파일">
      <UniqueIdentifier>{93995380-89BD-4b04-88EB-625FBE52EBFB}</UniqueIdentifier>
      <Extensions>h;hh;hpp;hxx;h++;hm;inl;inc;ipp;xsd</Extensions>
    </Filter>
    <Filter Include="리소스 파일">
      <UniqueIdentifier>{67DA6AB6-F800-4c08-8B7A-83BB121AAD01}</UniqueIdentifier>
      <Extensions>rc;ico;cur;bmp;dlg;rc2;rct;bin;rgs;gif;jpg;jpeg;jpe;resx;tiff;tif;png;wav;mfcribbon-ms</Extensions>
    </Filter>
    <Filter Include="소스 파일\Gachagame">
      <UniqueIdentifier>{b17d884f-6ec4-49e4-b639-b3ad839305d4}</UniqueIdentifier>
    </Filter>
    <Filter Include="헤더 파일\Gachagame">
      <UniqueIdentifier>{88041d4a-c5dd-45df-92b6-c2cb1cb4e5aa}</UniqueIdentifier>
    </Filter>
    <Filter Include="소스 파일\defense">
      <UniqueIdentifier>{b1bf7f39-3ee6-46e1-914e-08defebf0fd1}</UniqueIdentifier>
    </Filter>
    <Filter Include="헤더 파일\defense">
      <UniqueIdentifier>{ae6d153c-2b67-4173-87a5-74e9039c48d9}</UniqueIdentifier>
    </Filter>
    <Filter Include="헤더 파일\smite">
      <UniqueIdentifier>{97c75fee-4b30-49d4-91ef-a94824ee61d2}</UniqueIdentifier>
    </Filter>
    <Filter Include="소스 파일\smite">
      <UniqueIdentifier>{ab1b9c85-3a22-4ff3-b1a7-ba080f6709f5}</UniqueIdentifier>
    </Filter>
  </ItemGroup>
  <ItemGroup>
    <ClCompile Include="main.cpp">
      <Filter>소스 파일</Filter>
    </ClCompile>
    <ClCompile Include="GameManager.cpp">
      <Filter>소스 파일</Filter>
    </ClCompile>
    <ClCompile Include="StageSelector.cpp">
      <Filter>소스 파일</Filter>
    </ClCompile>
    <ClCompile Include="SlpashScreen.cpp">
      <Filter>소스 파일</Filter>
    </ClCompile>
    <ClCompile Include="Gacha.cpp">
      <Filter>소스 파일\Gachagame</Filter>
    </ClCompile>
    <ClCompile Include="Game.cpp">
      <Filter>소스 파일\Gachagame</Filter>
    </ClCompile>
    <ClCompile Include="Menu.cpp">
      <Filter>소스 파일\Gachagame</Filter>
    </ClCompile>
    <ClCompile Include="GameLogic.cpp">
      <Filter>소스 파일\defense</Filter>
    </ClCompile>
    <ClCompile Include="GameRender.cpp">
      <Filter>소스 파일\defense</Filter>
    </ClCompile>
    <ClCompile Include="GameLogic.h">
      <Filter>헤더 파일\defense</Filter>
    </ClCompile>
    <ClCompile Include="smitegame.cpp">
      <Filter>소스 파일\smite</Filter>
    </ClCompile>
    <ClCompile Include="Monster.cpp">
      <Filter>소스 파일\smite</Filter>
    </ClCompile>
    <ClCompile Include="Player.cpp">
      <Filter>소스 파일\smite</Filter>
    </ClCompile>
    <ClCompile Include="Scenario.cpp">
      <Filter>소스 파일\smite</Filter>
    </ClCompile>
    <ClCompile Include="Sm.cpp">
      <Filter>소스 파일\smite</Filter>
    </ClCompile>
  </ItemGroup>
  <ItemGroup>
    <ClInclude Include="GameManager.h">
      <Filter>헤더 파일</Filter>
    </ClInclude>
    <ClInclude Include="GameStart.h">
      <Filter>헤더 파일</Filter>
    </ClInclude>
    <ClInclude Include="GameBase.h">
      <Filter>헤더 파일</Filter>
    </ClInclude>
    <ClInclude Include="SplashScreen.h">
      <Filter>헤더 파일</Filter>
    </ClInclude>
    <ClInclude Include="SetCursor.h">
      <Filter>헤더 파일</Filter>
    </ClInclude>
    <ClInclude Include="StageSelector.h">
      <Filter>헤더 파일</Filter>
    </ClInclude>
    <ClInclude Include="movebox.h">
      <Filter>헤더 파일</Filter>
    </ClInclude>
    <ClInclude Include="Gacha.h">
      <Filter>헤더 파일\Gachagame</Filter>
    </ClInclude>
    <ClInclude Include="Game.h">
      <Filter>헤더 파일\Gachagame</Filter>
    </ClInclude>
    <ClInclude Include="Menu.h">
      <Filter>헤더 파일\Gachagame</Filter>
    </ClInclude>
    <ClInclude Include="Player.h">
      <Filter>헤더 파일\Gachagame</Filter>
    </ClInclude>
    <ClInclude Include="Enemy.h">
      <Filter>헤더 파일\Gachagame</Filter>
    </ClInclude>
    <ClInclude Include="Bullet.h">
      <Filter>헤더 파일\Gachagame</Filter>
    </ClInclude>
    <ClInclude Include="GachaGame.h">
      <Filter>헤더 파일\Gachagame</Filter>
    </ClInclude>
    <ClInclude Include="defense.h">
      <Filter>헤더 파일\defense</Filter>
    </ClInclude>
    <ClInclude Include="GameRender.h">
      <Filter>헤더 파일\defense</Filter>
    </ClInclude>
    <ClInclude Include="Entity.h">
      <Filter>헤더 파일\smite</Filter>
    </ClInclude>
    <ClInclude Include="smitegame.h">
      <Filter>헤더 파일\smite</Filter>
    </ClInclude>
    <ClInclude Include="Monster.h">
      <Filter>헤더 파일\smite</Filter>
    </ClInclude>
    <ClInclude Include="sPlayer.h">
      <Filter>헤더 파일\smite</Filter>
    </ClInclude>
    <ClInclude Include="Scenario.h">
      <Filter>헤더 파일\smite</Filter>
    </ClInclude>
    <ClInclude Include="Sm.h">
      <Filter>헤더 파일\smite</Filter>
    </ClInclude>
    <ClInclude Include="smite.h">
      <Filter>헤더 파일\smite</Filter>
    </ClInclude>
  </ItemGroup>
</Project>